
Microsoft Visual Studio Solution File, Format Version 12.00
# Visual Studio Version 17
VisualStudioVersion = 17.11.35208.52
MinimumVisualStudioVersion = 10.0.40219.1
Project("{FAE04EC0-301F-11D3-BF4B-00C04F79EFBC}") = "Gestión de CompraAutos", "Gestión de CompraAutos.csproj", "{214EFEA2-0725-44AC-8096-A85A63E9B8D5}"
EndProject
Global
	GlobalSection(SolutionConfigurationPlatforms) = preSolution
		Debug|Any CPU = Debug|Any CPU
		Release|Any CPU = Release|Any CPU
	EndGlobalSection
	GlobalSection(ProjectConfigurationPlatforms) = postSolution
		{214EFEA2-0725-44AC-8096-A85A63E9B8D5}.Debug|Any CPU.ActiveCfg = Debug|Any CPU
		{214EFEA2-0725-44AC-8096-A85A63E9B8D5}.Debug|Any CPU.Build.0 = Debug|Any CPU
		{214EFEA2-0725-44AC-8096-A85A63E9B8D5}.Release|Any CPU.ActiveCfg = Release|Any CPU
		{214EFEA2-0725-44AC-8096-A85A63E9B8D5}.Release|Any CPU.Build.0 = Release|Any CPU
	EndGlobalSection
	GlobalSection(SolutionProperties) = preSolution
		HideSolutionNode = FALSE
	EndGlobalSection
	GlobalSection(ExtensibilityGlobals) = postSolution
		SolutionGuid = {E2D7CA43-909D-48D7-887A-99B4BF2B2E89}
	EndGlobalSection
EndGlobal
